
Microsoft Visual Studio Solution File, Format Version 12.00
# Visual Studio 2012
Project("{FAE04EC0-301F-11D3-BF4B-00C04F79EFBC}") = "ToolFinder", "ToolFinder\ToolFinder.csproj", "{5CF7BF8D-AD1C-4510-A039-0B900063F3C6}"
EndProject
Project("{f2a71f9b-5d33-465a-a702-920d77279786}") = "ToolFinderServer", "ToolFinderServer\ToolFinderServer.fsproj", "{DD473A50-1549-4C3D-BBE6-D954282AC9E7}"
EndProject
Global
	GlobalSection(SolutionConfigurationPlatforms) = preSolution
		Debug|iPhoneSimulator = Debug|iPhoneSimulator
		Release|iPhoneSimulator = Release|iPhoneSimulator
		Debug|iPhone = Debug|iPhone
		Release|iPhone = Release|iPhone
		Ad-Hoc|iPhone = Ad-Hoc|iPhone
		AppStore|iPhone = AppStore|iPhone
	EndGlobalSection
	GlobalSection(ProjectConfigurationPlatforms) = postSolution
		{5CF7BF8D-AD1C-4510-A039-0B900063F3C6}.Ad-Hoc|iPhone.ActiveCfg = Ad-Hoc|iPhone
		{5CF7BF8D-AD1C-4510-A039-0B900063F3C6}.Ad-Hoc|iPhone.Build.0 = Ad-Hoc|iPhone
		{5CF7BF8D-AD1C-4510-A039-0B900063F3C6}.AppStore|iPhone.ActiveCfg = AppStore|iPhone
		{5CF7BF8D-AD1C-4510-A039-0B900063F3C6}.AppStore|iPhone.Build.0 = AppStore|iPhone
		{5CF7BF8D-AD1C-4510-A039-0B900063F3C6}.Debug|iPhone.ActiveCfg = Debug|iPhone
		{5CF7BF8D-AD1C-4510-A039-0B900063F3C6}.Debug|iPhone.Build.0 = Debug|iPhone
		{5CF7BF8D-AD1C-4510-A039-0B900063F3C6}.Debug|iPhoneSimulator.ActiveCfg = Debug|iPhoneSimulator
		{5CF7BF8D-AD1C-4510-A039-0B900063F3C6}.Debug|iPhoneSimulator.Build.0 = Debug|iPhoneSimulator
		{5CF7BF8D-AD1C-4510-A039-0B900063F3C6}.Release|iPhone.ActiveCfg = Release|iPhone
		{5CF7BF8D-AD1C-4510-A039-0B900063F3C6}.Release|iPhone.Build.0 = Release|iPhone
		{5CF7BF8D-AD1C-4510-A039-0B900063F3C6}.Release|iPhoneSimulator.ActiveCfg = Release|iPhoneSimulator
		{5CF7BF8D-AD1C-4510-A039-0B900063F3C6}.Release|iPhoneSimulator.Build.0 = Release|iPhoneSimulator
		{DD473A50-1549-4C3D-BBE6-D954282AC9E7}.Ad-Hoc|iPhone.ActiveCfg = Release|Any CPU
		{DD473A50-1549-4C3D-BBE6-D954282AC9E7}.Ad-Hoc|iPhone.Build.0 = Release|Any CPU
		{DD473A50-1549-4C3D-BBE6-D954282AC9E7}.AppStore|iPhone.ActiveCfg = Release|Any CPU
		{DD473A50-1549-4C3D-BBE6-D954282AC9E7}.AppStore|iPhone.Build.0 = Release|Any CPU
		{DD473A50-1549-4C3D-BBE6-D954282AC9E7}.Debug|iPhone.ActiveCfg = Debug|Any CPU
		{DD473A50-1549-4C3D-BBE6-D954282AC9E7}.Debug|iPhone.Build.0 = Debug|Any CPU
		{DD473A50-1549-4C3D-BBE6-D954282AC9E7}.Debug|iPhoneSimulator.ActiveCfg = Debug|Any CPU
		{DD473A50-1549-4C3D-BBE6-D954282AC9E7}.Debug|iPhoneSimulator.Build.0 = Debug|Any CPU
		{DD473A50-1549-4C3D-BBE6-D954282AC9E7}.Release|iPhone.ActiveCfg = Release|Any CPU
		{DD473A50-1549-4C3D-BBE6-D954282AC9E7}.Release|iPhone.Build.0 = Release|Any CPU
		{DD473A50-1549-4C3D-BBE6-D954282AC9E7}.Release|iPhoneSimulator.ActiveCfg = Release|Any CPU
		{DD473A50-1549-4C3D-BBE6-D954282AC9E7}.Release|iPhoneSimulator.Build.0 = Release|Any CPU
	EndGlobalSection
	GlobalSection(MonoDevelopProperties) = preSolution
		StartupItem = ToolFinder\ToolFinder.csproj
	EndGlobalSection
EndGlobal
